
Microsoft Visual Studio Solution File, Format Version 12.00
# Visual Studio Version 17
VisualStudioVersion = 17.9.34607.119
MinimumVisualStudioVersion = 10.0.40219.1
Project("{9A19103F-16F7-4668-BE54-9A1E7A4F7556}") = "CV07", "CV07\CV07.csproj", "{0319DF27-7BA3-427E-90F3-B4E8434CF927}"
EndProject
Project("{9A19103F-16F7-4668-BE54-9A1E7A4F7556}") = "PR07", "PR07\PR07.csproj", "{8E34F35A-518A-4373-A26C-25A3AB3FF27A}"
EndProject
Project("{9A19103F-16F7-4668-BE54-9A1E7A4F7556}") = "CV09", "CV09\CV09.csproj", "{96C63358-74CD-44B3-BEDC-BFFFE11A5AB0}"
EndProject
Project("{9A19103F-16F7-4668-BE54-9A1E7A4F7556}") = "CV01", "CV01\CV01.csproj", "{F202E793-81A7-46AA-8E16-68CE5C9A8CFC}"
EndProject
Project("{9A19103F-16F7-4668-BE54-9A1E7A4F7556}") = "CV02", "CV02\CV02.csproj", "{1283A8C9-2DF6-4318-8D84-5BBC28F420E8}"
EndProject
Project("{9A19103F-16F7-4668-BE54-9A1E7A4F7556}") = "CV03", "CV03\CV03.csproj", "{DC8EB01D-2C50-4043-B4E0-636BBDB73804}"
EndProject
Project("{9A19103F-16F7-4668-BE54-9A1E7A4F7556}") = "PR01", "PR01\PR01.csproj", "{9392BACA-3917-4297-9CED-7807F75FF72A}"
EndProject
Project("{9A19103F-16F7-4668-BE54-9A1E7A4F7556}") = "PR04", "PR04\PR04.csproj", "{87C81897-5900-454C-A85E-BC79A3BF9677}"
EndProject
Project("{FAE04EC0-301F-11D3-BF4B-00C04F79EFBC}") = "CV09_SettingForm", "CV09_SettingForm\CV09_SettingForm.csproj", "{B11083A1-A3D5-4C40-A08D-1BA95FD2A70F}"
EndProject
Project("{FAE04EC0-301F-11D3-BF4B-00C04F79EFBC}") = "CV10_AsyncUdalosti", "CV10_AsyncUdalosti\CV10_AsyncUdalosti.csproj", "{75306805-542D-4971-9661-EB8165C2EE1E}"
EndProject
Project("{FAE04EC0-301F-11D3-BF4B-00C04F79EFBC}") = "CV10_SoubehVlaken", "CV10_SoubehVlaken\CV10_SoubehVlaken.csproj", "{AACA326D-5DBC-4C17-9CA1-9F7BC48B2401}"
EndProject
Project("{FAE04EC0-301F-11D3-BF4B-00C04F79EFBC}") = "CV07_SimVisual", "CV07_SimVisual\CV07_SimVisual.csproj", "{8959AEF3-1C8A-43FE-BA03-374DFD3AA422}"
EndProject
Project("{9A19103F-16F7-4668-BE54-9A1E7A4F7556}") = "CV_SemestralProject", "CV_SemestralProject\CV_SemestralProject.csproj", "{6A61F247-1189-4454-A15A-97D071D88988}"
EndProject
Project("{FAE04EC0-301F-11D3-BF4B-00C04F79EFBC}") = "Palfi_Mycka", "Palfi_Mycka\Palfi_Mycka.csproj", "{FA824509-5285-4BC8-AABB-3531EBBACE84}"
EndProject
Global
	GlobalSection(SolutionConfigurationPlatforms) = preSolution
		Debug|Any CPU = Debug|Any CPU
		Debug|ARM = Debug|ARM
		Debug|ARM64 = Debug|ARM64
		Debug|x64 = Debug|x64
		Debug|x86 = Debug|x86
		Release|Any CPU = Release|Any CPU
		Release|ARM = Release|ARM
		Release|ARM64 = Release|ARM64
		Release|x64 = Release|x64
		Release|x86 = Release|x86
	EndGlobalSection
	GlobalSection(ProjectConfigurationPlatforms) = postSolution
		{0319DF27-7BA3-427E-90F3-B4E8434CF927}.Debug|Any CPU.ActiveCfg = Debug|Any CPU
		{0319DF27-7BA3-427E-90F3-B4E8434CF927}.Debug|Any CPU.Build.0 = Debug|Any CPU
		{0319DF27-7BA3-427E-90F3-B4E8434CF927}.Debug|ARM.ActiveCfg = Debug|Any CPU
		{0319DF27-7BA3-427E-90F3-B4E8434CF927}.Debug|ARM.Build.0 = Debug|Any CPU
		{0319DF27-7BA3-427E-90F3-B4E8434CF927}.Debug|ARM64.ActiveCfg = Debug|Any CPU
		{0319DF27-7BA3-427E-90F3-B4E8434CF927}.Debug|ARM64.Build.0 = Debug|Any CPU
		{0319DF27-7BA3-427E-90F3-B4E8434CF927}.Debug|x64.ActiveCfg = Debug|Any CPU
		{0319DF27-7BA3-427E-90F3-B4E8434CF927}.Debug|x64.Build.0 = Debug|Any CPU
		{0319DF27-7BA3-427E-90F3-B4E8434CF927}.Debug|x86.ActiveCfg = Debug|Any CPU
		{0319DF27-7BA3-427E-90F3-B4E8434CF927}.Debug|x86.Build.0 = Debug|Any CPU
		{0319DF27-7BA3-427E-90F3-B4E8434CF927}.Release|Any CPU.ActiveCfg = Release|Any CPU
		{0319DF27-7BA3-427E-90F3-B4E8434CF927}.Release|Any CPU.Build.0 = Release|Any CPU
		{0319DF27-7BA3-427E-90F3-B4E8434CF927}.Release|ARM.ActiveCfg = Release|Any CPU
		{0319DF27-7BA3-427E-90F3-B4E8434CF927}.Release|ARM.Build.0 = Release|Any CPU
		{0319DF27-7BA3-427E-90F3-B4E8434CF927}.Release|ARM64.ActiveCfg = Release|Any CPU
		{0319DF27-7BA3-427E-90F3-B4E8434CF927}.Release|ARM64.Build.0 = Release|Any CPU
		{0319DF27-7BA3-427E-90F3-B4E8434CF927}.Release|x64.ActiveCfg = Release|Any CPU
		{0319DF27-7BA3-427E-90F3-B4E8434CF927}.Release|x64.Build.0 = Release|Any CPU
		{0319DF27-7BA3-427E-90F3-B4E8434CF927}.Release|x86.ActiveCfg = Release|Any CPU
		{0319DF27-7BA3-427E-90F3-B4E8434CF927}.Release|x86.Build.0 = Release|Any CPU
		{8E34F35A-518A-4373-A26C-25A3AB3FF27A}.Debug|Any CPU.ActiveCfg = Debug|Any CPU
		{8E34F35A-518A-4373-A26C-25A3AB3FF27A}.Debug|Any CPU.Build.0 = Debug|Any CPU
		{8E34F35A-518A-4373-A26C-25A3AB3FF27A}.Debug|ARM.ActiveCfg = Debug|Any CPU
		{8E34F35A-518A-4373-A26C-25A3AB3FF27A}.Debug|ARM.Build.0 = Debug|Any CPU
		{8E34F35A-518A-4373-A26C-25A3AB3FF27A}.Debug|ARM64.ActiveCfg = Debug|Any CPU
		{8E34F35A-518A-4373-A26C-25A3AB3FF27A}.Debug|ARM64.Build.0 = Debug|Any CPU
		{8E34F35A-518A-4373-A26C-25A3AB3FF27A}.Debug|x64.ActiveCfg = Debug|Any CPU
		{8E34F35A-518A-4373-A26C-25A3AB3FF27A}.Debug|x64.Build.0 = Debug|Any CPU
		{8E34F35A-518A-4373-A26C-25A3AB3FF27A}.Debug|x86.ActiveCfg = Debug|Any CPU
		{8E34F35A-518A-4373-A26C-25A3AB3FF27A}.Debug|x86.Build.0 = Debug|Any CPU
		{8E34F35A-518A-4373-A26C-25A3AB3FF27A}.Release|Any CPU.ActiveCfg = Release|Any CPU
		{8E34F35A-518A-4373-A26C-25A3AB3FF27A}.Release|Any CPU.Build.0 = Release|Any CPU
		{8E34F35A-518A-4373-A26C-25A3AB3FF27A}.Release|ARM.ActiveCfg = Release|Any CPU
		{8E34F35A-518A-4373-A26C-25A3AB3FF27A}.Release|ARM.Build.0 = Release|Any CPU
		{8E34F35A-518A-4373-A26C-25A3AB3FF27A}.Release|ARM64.ActiveCfg = Release|Any CPU
		{8E34F35A-518A-4373-A26C-25A3AB3FF27A}.Release|ARM64.Build.0 = Release|Any CPU
		{8E34F35A-518A-4373-A26C-25A3AB3FF27A}.Release|x64.ActiveCfg = Release|Any CPU
		{8E34F35A-518A-4373-A26C-25A3AB3FF27A}.Release|x64.Build.0 = Release|Any CPU
		{8E34F35A-518A-4373-A26C-25A3AB3FF27A}.Release|x86.ActiveCfg = Release|Any CPU
		{8E34F35A-518A-4373-A26C-25A3AB3FF27A}.Release|x86.Build.0 = Release|Any CPU
		{96C63358-74CD-44B3-BEDC-BFFFE11A5AB0}.Debug|Any CPU.ActiveCfg = Debug|Any CPU
		{96C63358-74CD-44B3-BEDC-BFFFE11A5AB0}.Debug|Any CPU.Build.0 = Debug|Any CPU
		{96C63358-74CD-44B3-BEDC-BFFFE11A5AB0}.Debug|ARM.ActiveCfg = Debug|Any CPU
		{96C63358-74CD-44B3-BEDC-BFFFE11A5AB0}.Debug|ARM.Build.0 = Debug|Any CPU
		{96C63358-74CD-44B3-BEDC-BFFFE11A5AB0}.Debug|ARM64.ActiveCfg = Debug|Any CPU
		{96C63358-74CD-44B3-BEDC-BFFFE11A5AB0}.Debug|ARM64.Build.0 = Debug|Any CPU
		{96C63358-74CD-44B3-BEDC-BFFFE11A5AB0}.Debug|x64.ActiveCfg = Debug|Any CPU
		{96C63358-74CD-44B3-BEDC-BFFFE11A5AB0}.Debug|x64.Build.0 = Debug|Any CPU
		{96C63358-74CD-44B3-BEDC-BFFFE11A5AB0}.Debug|x86.ActiveCfg = Debug|Any CPU
		{96C63358-74CD-44B3-BEDC-BFFFE11A5AB0}.Debug|x86.Build.0 = Debug|Any CPU
		{96C63358-74CD-44B3-BEDC-BFFFE11A5AB0}.Release|Any CPU.ActiveCfg = Release|Any CPU
		{96C63358-74CD-44B3-BEDC-BFFFE11A5AB0}.Release|Any CPU.Build.0 = Release|Any CPU
		{96C63358-74CD-44B3-BEDC-BFFFE11A5AB0}.Release|ARM.ActiveCfg = Release|Any CPU
		{96C63358-74CD-44B3-BEDC-BFFFE11A5AB0}.Release|ARM.Build.0 = Release|Any CPU
		{96C63358-74CD-44B3-BEDC-BFFFE11A5AB0}.Release|ARM64.ActiveCfg = Release|Any CPU
		{96C63358-74CD-44B3-BEDC-BFFFE11A5AB0}.Release|ARM64.Build.0 = Release|Any CPU
		{96C63358-74CD-44B3-BEDC-BFFFE11A5AB0}.Release|x64.ActiveCfg = Release|Any CPU
		{96C63358-74CD-44B3-BEDC-BFFFE11A5AB0}.Release|x64.Build.0 = Release|Any CPU
		{96C63358-74CD-44B3-BEDC-BFFFE11A5AB0}.Release|x86.ActiveCfg = Release|Any CPU
		{96C63358-74CD-44B3-BEDC-BFFFE11A5AB0}.Release|x86.Build.0 = Release|Any CPU
		{F202E793-81A7-46AA-8E16-68CE5C9A8CFC}.Debug|Any CPU.ActiveCfg = Debug|Any CPU
		{F202E793-81A7-46AA-8E16-68CE5C9A8CFC}.Debug|Any CPU.Build.0 = Debug|Any CPU
		{F202E793-81A7-46AA-8E16-68CE5C9A8CFC}.Debug|ARM.ActiveCfg = Debug|Any CPU
		{F202E793-81A7-46AA-8E16-68CE5C9A8CFC}.Debug|ARM.Build.0 = Debug|Any CPU
		{F202E793-81A7-46AA-8E16-68CE5C9A8CFC}.Debug|ARM64.ActiveCfg = Debug|Any CPU
		{F202E793-81A7-46AA-8E16-68CE5C9A8CFC}.Debug|ARM64.Build.0 = Debug|Any CPU
		{F202E793-81A7-46AA-8E16-68CE5C9A8CFC}.Debug|x64.ActiveCfg = Debug|Any CPU
		{F202E793-81A7-46AA-8E16-68CE5C9A8CFC}.Debug|x64.Build.0 = Debug|Any CPU
		{F202E793-81A7-46AA-8E16-68CE5C9A8CFC}.Debug|x86.ActiveCfg = Debug|Any CPU
		{F202E793-81A7-46AA-8E16-68CE5C9A8CFC}.Debug|x86.Build.0 = Debug|Any CPU
		{F202E793-81A7-46AA-8E16-68CE5C9A8CFC}.Release|Any CPU.ActiveCfg = Release|Any CPU
		{F202E793-81A7-46AA-8E16-68CE5C9A8CFC}.Release|Any CPU.Build.0 = Release|Any CPU
		{F202E793-81A7-46AA-8E16-68CE5C9A8CFC}.Release|ARM.ActiveCfg = Release|Any CPU
		{F202E793-81A7-46AA-8E16-68CE5C9A8CFC}.Release|ARM.Build.0 = Release|Any CPU
		{F202E793-81A7-46AA-8E16-68CE5C9A8CFC}.Release|ARM64.ActiveCfg = Release|Any CPU
		{F202E793-81A7-46AA-8E16-68CE5C9A8CFC}.Release|ARM64.Build.0 = Release|Any CPU
		{F202E793-81A7-46AA-8E16-68CE5C9A8CFC}.Release|x64.ActiveCfg = Release|Any CPU
		{F202E793-81A7-46AA-8E16-68CE5C9A8CFC}.Release|x64.Build.0 = Release|Any CPU
		{F202E793-81A7-46AA-8E16-68CE5C9A8CFC}.Release|x86.ActiveCfg = Release|Any CPU
		{F202E793-81A7-46AA-8E16-68CE5C9A8CFC}.Release|x86.Build.0 = Release|Any CPU
		{1283A8C9-2DF6-4318-8D84-5BBC28F420E8}.Debug|Any CPU.ActiveCfg = Debug|Any CPU
		{1283A8C9-2DF6-4318-8D84-5BBC28F420E8}.Debug|Any CPU.Build.0 = Debug|Any CPU
		{1283A8C9-2DF6-4318-8D84-5BBC28F420E8}.Debug|ARM.ActiveCfg = Debug|Any CPU
		{1283A8C9-2DF6-4318-8D84-5BBC28F420E8}.Debug|ARM.Build.0 = Debug|Any CPU
		{1283A8C9-2DF6-4318-8D84-5BBC28F420E8}.Debug|ARM64.ActiveCfg = Debug|Any CPU
		{1283A8C9-2DF6-4318-8D84-5BBC28F420E8}.Debug|ARM64.Build.0 = Debug|Any CPU
		{1283A8C9-2DF6-4318-8D84-5BBC28F420E8}.Debug|x64.ActiveCfg = Debug|Any CPU
		{1283A8C9-2DF6-4318-8D84-5BBC28F420E8}.Debug|x64.Build.0 = Debug|Any CPU
		{1283A8C9-2DF6-4318-8D84-5BBC28F420E8}.Debug|x86.ActiveCfg = Debug|Any CPU
		{1283A8C9-2DF6-4318-8D84-5BBC28F420E8}.Debug|x86.Build.0 = Debug|Any CPU
		{1283A8C9-2DF6-4318-8D84-5BBC28F420E8}.Release|Any CPU.ActiveCfg = Release|Any CPU
		{1283A8C9-2DF6-4318-8D84-5BBC28F420E8}.Release|Any CPU.Build.0 = Release|Any CPU
		{1283A8C9-2DF6-4318-8D84-5BBC28F420E8}.Release|ARM.ActiveCfg = Release|Any CPU
		{1283A8C9-2DF6-4318-8D84-5BBC28F420E8}.Release|ARM.Build.0 = Release|Any CPU
		{1283A8C9-2DF6-4318-8D84-5BBC28F420E8}.Release|ARM64.ActiveCfg = Release|Any CPU
		{1283A8C9-2DF6-4318-8D84-5BBC28F420E8}.Release|ARM64.Build.0 = Release|Any CPU
		{1283A8C9-2DF6-4318-8D84-5BBC28F420E8}.Release|x64.ActiveCfg = Release|Any CPU
		{1283A8C9-2DF6-4318-8D84-5BBC28F420E8}.Release|x64.Build.0 = Release|Any CPU
		{1283A8C9-2DF6-4318-8D84-5BBC28F420E8}.Release|x86.ActiveCfg = Release|Any CPU
		{1283A8C9-2DF6-4318-8D84-5BBC28F420E8}.Release|x86.Build.0 = Release|Any CPU
		{DC8EB01D-2C50-4043-B4E0-636BBDB73804}.Debug|Any CPU.ActiveCfg = Debug|Any CPU
		{DC8EB01D-2C50-4043-B4E0-636BBDB73804}.Debug|Any CPU.Build.0 = Debug|Any CPU
		{DC8EB01D-2C50-4043-B4E0-636BBDB73804}.Debug|ARM.ActiveCfg = Debug|Any CPU
		{DC8EB01D-2C50-4043-B4E0-636BBDB73804}.Debug|ARM.Build.0 = Debug|Any CPU
		{DC8EB01D-2C50-4043-B4E0-636BBDB73804}.Debug|ARM64.ActiveCfg = Debug|Any CPU
		{DC8EB01D-2C50-4043-B4E0-636BBDB73804}.Debug|ARM64.Build.0 = Debug|Any CPU
		{DC8EB01D-2C50-4043-B4E0-636BBDB73804}.Debug|x64.ActiveCfg = Debug|Any CPU
		{DC8EB01D-2C50-4043-B4E0-636BBDB73804}.Debug|x64.Build.0 = Debug|Any CPU
		{DC8EB01D-2C50-4043-B4E0-636BBDB73804}.Debug|x86.ActiveCfg = Debug|Any CPU
		{DC8EB01D-2C50-4043-B4E0-636BBDB73804}.Debug|x86.Build.0 = Debug|Any CPU
		{DC8EB01D-2C50-4043-B4E0-636BBDB73804}.Release|Any CPU.ActiveCfg = Release|Any CPU
		{DC8EB01D-2C50-4043-B4E0-636BBDB73804}.Release|Any CPU.Build.0 = Release|Any CPU
		{DC8EB01D-2C50-4043-B4E0-636BBDB73804}.Release|ARM.ActiveCfg = Release|Any CPU
		{DC8EB01D-2C50-4043-B4E0-636BBDB73804}.Release|ARM.Build.0 = Release|Any CPU
		{DC8EB01D-2C50-4043-B4E0-636BBDB73804}.Release|ARM64.ActiveCfg = Release|Any CPU
		{DC8EB01D-2C50-4043-B4E0-636BBDB73804}.Release|ARM64.Build.0 = Release|Any CPU
		{DC8EB01D-2C50-4043-B4E0-636BBDB73804}.Release|x64.ActiveCfg = Release|Any CPU
		{DC8EB01D-2C50-4043-B4E0-636BBDB73804}.Release|x64.Build.0 = Release|Any CPU
		{DC8EB01D-2C50-4043-B4E0-636BBDB73804}.Release|x86.ActiveCfg = Release|Any CPU
		{DC8EB01D-2C50-4043-B4E0-636BBDB73804}.Release|x86.Build.0 = Release|Any CPU
		{9392BACA-3917-4297-9CED-7807F75FF72A}.Debug|Any CPU.ActiveCfg = Debug|Any CPU
		{9392BACA-3917-4297-9CED-7807F75FF72A}.Debug|Any CPU.Build.0 = Debug|Any CPU
		{9392BACA-3917-4297-9CED-7807F75FF72A}.Debug|ARM.ActiveCfg = Debug|Any CPU
		{9392BACA-3917-4297-9CED-7807F75FF72A}.Debug|ARM.Build.0 = Debug|Any CPU
		{9392BACA-3917-4297-9CED-7807F75FF72A}.Debug|ARM64.ActiveCfg = Debug|Any CPU
		{9392BACA-3917-4297-9CED-7807F75FF72A}.Debug|ARM64.Build.0 = Debug|Any CPU
		{9392BACA-3917-4297-9CED-7807F75FF72A}.Debug|x64.ActiveCfg = Debug|Any CPU
		{9392BACA-3917-4297-9CED-7807F75FF72A}.Debug|x64.Build.0 = Debug|Any CPU
		{9392BACA-3917-4297-9CED-7807F75FF72A}.Debug|x86.ActiveCfg = Debug|Any CPU
		{9392BACA-3917-4297-9CED-7807F75FF72A}.Debug|x86.Build.0 = Debug|Any CPU
		{9392BACA-3917-4297-9CED-7807F75FF72A}.Release|Any CPU.ActiveCfg = Release|Any CPU
		{9392BACA-3917-4297-9CED-7807F75FF72A}.Release|Any CPU.Build.0 = Release|Any CPU
		{9392BACA-3917-4297-9CED-7807F75FF72A}.Release|ARM.ActiveCfg = Release|Any CPU
		{9392BACA-3917-4297-9CED-7807F75FF72A}.Release|ARM.Build.0 = Release|Any CPU
		{9392BACA-3917-4297-9CED-7807F75FF72A}.Release|ARM64.ActiveCfg = Release|Any CPU
		{9392BACA-3917-4297-9CED-7807F75FF72A}.Release|ARM64.Build.0 = Release|Any CPU
		{9392BACA-3917-4297-9CED-7807F75FF72A}.Release|x64.ActiveCfg = Release|Any CPU
		{9392BACA-3917-4297-9CED-7807F75FF72A}.Release|x64.Build.0 = Release|Any CPU
		{9392BACA-3917-4297-9CED-7807F75FF72A}.Release|x86.ActiveCfg = Release|Any CPU
		{9392BACA-3917-4297-9CED-7807F75FF72A}.Release|x86.Build.0 = Release|Any CPU
		{87C81897-5900-454C-A85E-BC79A3BF9677}.Debug|Any CPU.ActiveCfg = Debug|Any CPU
		{87C81897-5900-454C-A85E-BC79A3BF9677}.Debug|Any CPU.Build.0 = Debug|Any CPU
		{87C81897-5900-454C-A85E-BC79A3BF9677}.Debug|ARM.ActiveCfg = Debug|Any CPU
		{87C81897-5900-454C-A85E-BC79A3BF9677}.Debug|ARM.Build.0 = Debug|Any CPU
		{87C81897-5900-454C-A85E-BC79A3BF9677}.Debug|ARM64.ActiveCfg = Debug|Any CPU
		{87C81897-5900-454C-A85E-BC79A3BF9677}.Debug|ARM64.Build.0 = Debug|Any CPU
		{87C81897-5900-454C-A85E-BC79A3BF9677}.Debug|x64.ActiveCfg = Debug|Any CPU
		{87C81897-5900-454C-A85E-BC79A3BF9677}.Debug|x64.Build.0 = Debug|Any CPU
		{87C81897-5900-454C-A85E-BC79A3BF9677}.Debug|x86.ActiveCfg = Debug|Any CPU
		{87C81897-5900-454C-A85E-BC79A3BF9677}.Debug|x86.Build.0 = Debug|Any CPU
		{87C81897-5900-454C-A85E-BC79A3BF9677}.Release|Any CPU.ActiveCfg = Release|Any CPU
		{87C81897-5900-454C-A85E-BC79A3BF9677}.Release|Any CPU.Build.0 = Release|Any CPU
		{87C81897-5900-454C-A85E-BC79A3BF9677}.Release|ARM.ActiveCfg = Release|Any CPU
		{87C81897-5900-454C-A85E-BC79A3BF9677}.Release|ARM.Build.0 = Release|Any CPU
		{87C81897-5900-454C-A85E-BC79A3BF9677}.Release|ARM64.ActiveCfg = Release|Any CPU
		{87C81897-5900-454C-A85E-BC79A3BF9677}.Release|ARM64.Build.0 = Release|Any CPU
		{87C81897-5900-454C-A85E-BC79A3BF9677}.Release|x64.ActiveCfg = Release|Any CPU
		{87C81897-5900-454C-A85E-BC79A3BF9677}.Release|x64.Build.0 = Release|Any CPU
		{87C81897-5900-454C-A85E-BC79A3BF9677}.Release|x86.ActiveCfg = Release|Any CPU
		{87C81897-5900-454C-A85E-BC79A3BF9677}.Release|x86.Build.0 = Release|Any CPU
		{B11083A1-A3D5-4C40-A08D-1BA95FD2A70F}.Debug|Any CPU.ActiveCfg = Debug|Any CPU
		{B11083A1-A3D5-4C40-A08D-1BA95FD2A70F}.Debug|Any CPU.Build.0 = Debug|Any CPU
		{B11083A1-A3D5-4C40-A08D-1BA95FD2A70F}.Debug|ARM.ActiveCfg = Debug|Any CPU
		{B11083A1-A3D5-4C40-A08D-1BA95FD2A70F}.Debug|ARM.Build.0 = Debug|Any CPU
		{B11083A1-A3D5-4C40-A08D-1BA95FD2A70F}.Debug|ARM64.ActiveCfg = Debug|Any CPU
		{B11083A1-A3D5-4C40-A08D-1BA95FD2A70F}.Debug|ARM64.Build.0 = Debug|Any CPU
		{B11083A1-A3D5-4C40-A08D-1BA95FD2A70F}.Debug|x64.ActiveCfg = Debug|Any CPU
		{B11083A1-A3D5-4C40-A08D-1BA95FD2A70F}.Debug|x64.Build.0 = Debug|Any CPU
		{B11083A1-A3D5-4C40-A08D-1BA95FD2A70F}.Debug|x86.ActiveCfg = Debug|Any CPU
		{B11083A1-A3D5-4C40-A08D-1BA95FD2A70F}.Debug|x86.Build.0 = Debug|Any CPU
		{B11083A1-A3D5-4C40-A08D-1BA95FD2A70F}.Release|Any CPU.ActiveCfg = Release|Any CPU
		{B11083A1-A3D5-4C40-A08D-1BA95FD2A70F}.Release|Any CPU.Build.0 = Release|Any CPU
		{B11083A1-A3D5-4C40-A08D-1BA95FD2A70F}.Release|ARM.ActiveCfg = Release|Any CPU
		{B11083A1-A3D5-4C40-A08D-1BA95FD2A70F}.Release|ARM.Build.0 = Release|Any CPU
		{B11083A1-A3D5-4C40-A08D-1BA95FD2A70F}.Release|ARM64.ActiveCfg = Release|Any CPU
		{B11083A1-A3D5-4C40-A08D-1BA95FD2A70F}.Release|ARM64.Build.0 = Release|Any CPU
		{B11083A1-A3D5-4C40-A08D-1BA95FD2A70F}.Release|x64.ActiveCfg = Release|Any CPU
		{B11083A1-A3D5-4C40-A08D-1BA95FD2A70F}.Release|x64.Build.0 = Release|Any CPU
		{B11083A1-A3D5-4C40-A08D-1BA95FD2A70F}.Release|x86.ActiveCfg = Release|Any CPU
		{B11083A1-A3D5-4C40-A08D-1BA95FD2A70F}.Release|x86.Build.0 = Release|Any CPU
		{75306805-542D-4971-9661-EB8165C2EE1E}.Debug|Any CPU.ActiveCfg = Debug|Any CPU
		{75306805-542D-4971-9661-EB8165C2EE1E}.Debug|Any CPU.Build.0 = Debug|Any CPU
		{75306805-542D-4971-9661-EB8165C2EE1E}.Debug|ARM.ActiveCfg = Debug|Any CPU
		{75306805-542D-4971-9661-EB8165C2EE1E}.Debug|ARM.Build.0 = Debug|Any CPU
		{75306805-542D-4971-9661-EB8165C2EE1E}.Debug|ARM64.ActiveCfg = Debug|Any CPU
		{75306805-542D-4971-9661-EB8165C2EE1E}.Debug|ARM64.Build.0 = Debug|Any CPU
		{75306805-542D-4971-9661-EB8165C2EE1E}.Debug|x64.ActiveCfg = Debug|Any CPU
		{75306805-542D-4971-9661-EB8165C2EE1E}.Debug|x64.Build.0 = Debug|Any CPU
		{75306805-542D-4971-9661-EB8165C2EE1E}.Debug|x86.ActiveCfg = Debug|Any CPU
		{75306805-542D-4971-9661-EB8165C2EE1E}.Debug|x86.Build.0 = Debug|Any CPU
		{75306805-542D-4971-9661-EB8165C2EE1E}.Release|Any CPU.ActiveCfg = Release|Any CPU
		{75306805-542D-4971-9661-EB8165C2EE1E}.Release|Any CPU.Build.0 = Release|Any CPU
		{75306805-542D-4971-9661-EB8165C2EE1E}.Release|ARM.ActiveCfg = Release|Any CPU
		{75306805-542D-4971-9661-EB8165C2EE1E}.Release|ARM.Build.0 = Release|Any CPU
		{75306805-542D-4971-9661-EB8165C2EE1E}.Release|ARM64.ActiveCfg = Release|Any CPU
		{75306805-542D-4971-9661-EB8165C2EE1E}.Release|ARM64.Build.0 = Release|Any CPU
		{75306805-542D-4971-9661-EB8165C2EE1E}.Release|x64.ActiveCfg = Release|Any CPU
		{75306805-542D-4971-9661-EB8165C2EE1E}.Release|x64.Build.0 = Release|Any CPU
		{75306805-542D-4971-9661-EB8165C2EE1E}.Release|x86.ActiveCfg = Release|Any CPU
		{75306805-542D-4971-9661-EB8165C2EE1E}.Release|x86.Build.0 = Release|Any CPU
		{AACA326D-5DBC-4C17-9CA1-9F7BC48B2401}.Debug|Any CPU.ActiveCfg = Debug|Any CPU
		{AACA326D-5DBC-4C17-9CA1-9F7BC48B2401}.Debug|Any CPU.Build.0 = Debug|Any CPU
		{AACA326D-5DBC-4C17-9CA1-9F7BC48B2401}.Debug|ARM.ActiveCfg = Debug|Any CPU
		{AACA326D-5DBC-4C17-9CA1-9F7BC48B2401}.Debug|ARM.Build.0 = Debug|Any CPU
		{AACA326D-5DBC-4C17-9CA1-9F7BC48B2401}.Debug|ARM64.ActiveCfg = Debug|Any CPU
		{AACA326D-5DBC-4C17-9CA1-9F7BC48B2401}.Debug|ARM64.Build.0 = Debug|Any CPU
		{AACA326D-5DBC-4C17-9CA1-9F7BC48B2401}.Debug|x64.ActiveCfg = Debug|Any CPU
		{AACA326D-5DBC-4C17-9CA1-9F7BC48B2401}.Debug|x64.Build.0 = Debug|Any CPU
		{AACA326D-5DBC-4C17-9CA1-9F7BC48B2401}.Debug|x86.ActiveCfg = Debug|Any CPU
		{AACA326D-5DBC-4C17-9CA1-9F7BC48B2401}.Debug|x86.Build.0 = Debug|Any CPU
		{AACA326D-5DBC-4C17-9CA1-9F7BC48B2401}.Release|Any CPU.ActiveCfg = Release|Any CPU
		{AACA326D-5DBC-4C17-9CA1-9F7BC48B2401}.Release|Any CPU.Build.0 = Release|Any CPU
		{AACA326D-5DBC-4C17-9CA1-9F7BC48B2401}.Release|ARM.ActiveCfg = Release|Any CPU
		{AACA326D-5DBC-4C17-9CA1-9F7BC48B2401}.Release|ARM.Build.0 = Release|Any CPU
		{AACA326D-5DBC-4C17-9CA1-9F7BC48B2401}.Release|ARM64.ActiveCfg = Release|Any CPU
		{AACA326D-5DBC-4C17-9CA1-9F7BC48B2401}.Release|ARM64.Build.0 = Release|Any CPU
		{AACA326D-5DBC-4C17-9CA1-9F7BC48B2401}.Release|x64.ActiveCfg = Release|Any CPU
		{AACA326D-5DBC-4C17-9CA1-9F7BC48B2401}.Release|x64.Build.0 = Release|Any CPU
		{AACA326D-5DBC-4C17-9CA1-9F7BC48B2401}.Release|x86.ActiveCfg = Release|Any CPU
		{AACA326D-5DBC-4C17-9CA1-9F7BC48B2401}.Release|x86.Build.0 = Release|Any CPU
		{8959AEF3-1C8A-43FE-BA03-374DFD3AA422}.Debug|Any CPU.ActiveCfg = Debug|Any CPU
		{8959AEF3-1C8A-43FE-BA03-374DFD3AA422}.Debug|Any CPU.Build.0 = Debug|Any CPU
		{8959AEF3-1C8A-43FE-BA03-374DFD3AA422}.Debug|ARM.ActiveCfg = Debug|Any CPU
		{8959AEF3-1C8A-43FE-BA03-374DFD3AA422}.Debug|ARM.Build.0 = Debug|Any CPU
		{8959AEF3-1C8A-43FE-BA03-374DFD3AA422}.Debug|ARM64.ActiveCfg = Debug|Any CPU
		{8959AEF3-1C8A-43FE-BA03-374DFD3AA422}.Debug|ARM64.Build.0 = Debug|Any CPU
		{8959AEF3-1C8A-43FE-BA03-374DFD3AA422}.Debug|x64.ActiveCfg = Debug|Any CPU
		{8959AEF3-1C8A-43FE-BA03-374DFD3AA422}.Debug|x64.Build.0 = Debug|Any CPU
		{8959AEF3-1C8A-43FE-BA03-374DFD3AA422}.Debug|x86.ActiveCfg = Debug|Any CPU
		{8959AEF3-1C8A-43FE-BA03-374DFD3AA422}.Debug|x86.Build.0 = Debug|Any CPU
		{8959AEF3-1C8A-43FE-BA03-374DFD3AA422}.Release|Any CPU.ActiveCfg = Release|Any CPU
		{8959AEF3-1C8A-43FE-BA03-374DFD3AA422}.Release|Any CPU.Build.0 = Release|Any CPU
		{8959AEF3-1C8A-43FE-BA03-374DFD3AA422}.Release|ARM.ActiveCfg = Release|Any CPU
		{8959AEF3-1C8A-43FE-BA03-374DFD3AA422}.Release|ARM.Build.0 = Release|Any CPU
		{8959AEF3-1C8A-43FE-BA03-374DFD3AA422}.Release|ARM64.ActiveCfg = Release|Any CPU
		{8959AEF3-1C8A-43FE-BA03-374DFD3AA422}.Release|ARM64.Build.0 = Release|Any CPU
		{8959AEF3-1C8A-43FE-BA03-374DFD3AA422}.Release|x64.ActiveCfg = Release|Any CPU
		{8959AEF3-1C8A-43FE-BA03-374DFD3AA422}.Release|x64.Build.0 = Release|Any CPU
		{8959AEF3-1C8A-43FE-BA03-374DFD3AA422}.Release|x86.ActiveCfg = Release|Any CPU
		{8959AEF3-1C8A-43FE-BA03-374DFD3AA422}.Release|x86.Build.0 = Release|Any CPU
		{6A61F247-1189-4454-A15A-97D071D88988}.Debug|Any CPU.ActiveCfg = Debug|Any CPU
		{6A61F247-1189-4454-A15A-97D071D88988}.Debug|Any CPU.Build.0 = Debug|Any CPU
		{6A61F247-1189-4454-A15A-97D071D88988}.Debug|ARM.ActiveCfg = Debug|Any CPU
		{6A61F247-1189-4454-A15A-97D071D88988}.Debug|ARM.Build.0 = Debug|Any CPU
		{6A61F247-1189-4454-A15A-97D071D88988}.Debug|ARM64.ActiveCfg = Debug|Any CPU
		{6A61F247-1189-4454-A15A-97D071D88988}.Debug|ARM64.Build.0 = Debug|Any CPU
		{6A61F247-1189-4454-A15A-97D071D88988}.Debug|x64.ActiveCfg = Debug|Any CPU
		{6A61F247-1189-4454-A15A-97D071D88988}.Debug|x64.Build.0 = Debug|Any CPU
		{6A61F247-1189-4454-A15A-97D071D88988}.Debug|x86.ActiveCfg = Debug|Any CPU
		{6A61F247-1189-4454-A15A-97D071D88988}.Debug|x86.Build.0 = Debug|Any CPU
		{6A61F247-1189-4454-A15A-97D071D88988}.Release|Any CPU.ActiveCfg = Release|Any CPU
		{6A61F247-1189-4454-A15A-97D071D88988}.Release|Any CPU.Build.0 = Release|Any CPU
		{6A61F247-1189-4454-A15A-97D071D88988}.Release|ARM.ActiveCfg = Release|Any CPU
		{6A61F247-1189-4454-A15A-97D071D88988}.Release|ARM.Build.0 = Release|Any CPU
		{6A61F247-1189-4454-A15A-97D071D88988}.Release|ARM64.ActiveCfg = Release|Any CPU
		{6A61F247-1189-4454-A15A-97D071D88988}.Release|ARM64.Build.0 = Release|Any CPU
		{6A61F247-1189-4454-A15A-97D071D88988}.Release|x64.ActiveCfg = Release|Any CPU
		{6A61F247-1189-4454-A15A-97D071D88988}.Release|x64.Build.0 = Release|Any CPU
		{6A61F247-1189-4454-A15A-97D071D88988}.Release|x86.ActiveCfg = Release|Any CPU
		{6A61F247-1189-4454-A15A-97D071D88988}.Release|x86.Build.0 = Release|Any CPU
		{FA824509-5285-4BC8-AABB-3531EBBACE84}.Debug|Any CPU.ActiveCfg = Debug|Any CPU
		{FA824509-5285-4BC8-AABB-3531EBBACE84}.Debug|Any CPU.Build.0 = Debug|Any CPU
		{FA824509-5285-4BC8-AABB-3531EBBACE84}.Debug|ARM.ActiveCfg = Debug|ARM
		{FA824509-5285-4BC8-AABB-3531EBBACE84}.Debug|ARM.Build.0 = Debug|ARM
		{FA824509-5285-4BC8-AABB-3531EBBACE84}.Debug|ARM64.ActiveCfg = Debug|ARM64
		{FA824509-5285-4BC8-AABB-3531EBBACE84}.Debug|ARM64.Build.0 = Debug|ARM64
		{FA824509-5285-4BC8-AABB-3531EBBACE84}.Debug|x64.ActiveCfg = Debug|x64
		{FA824509-5285-4BC8-AABB-3531EBBACE84}.Debug|x64.Build.0 = Debug|x64
		{FA824509-5285-4BC8-AABB-3531EBBACE84}.Debug|x86.ActiveCfg = Debug|x86
		{FA824509-5285-4BC8-AABB-3531EBBACE84}.Debug|x86.Build.0 = Debug|x86
		{FA824509-5285-4BC8-AABB-3531EBBACE84}.Release|Any CPU.ActiveCfg = Release|Any CPU
		{FA824509-5285-4BC8-AABB-3531EBBACE84}.Release|Any CPU.Build.0 = Release|Any CPU
		{FA824509-5285-4BC8-AABB-3531EBBACE84}.Release|ARM.ActiveCfg = Release|ARM
		{FA824509-5285-4BC8-AABB-3531EBBACE84}.Release|ARM.Build.0 = Release|ARM
		{FA824509-5285-4BC8-AABB-3531EBBACE84}.Release|ARM64.ActiveCfg = Release|ARM64
		{FA824509-5285-4BC8-AABB-3531EBBACE84}.Release|ARM64.Build.0 = Release|ARM64
		{FA824509-5285-4BC8-AABB-3531EBBACE84}.Release|x64.ActiveCfg = Release|x64
		{FA824509-5285-4BC8-AABB-3531EBBACE84}.Release|x64.Build.0 = Release|x64
		{FA824509-5285-4BC8-AABB-3531EBBACE84}.Release|x86.ActiveCfg = Release|x86
		{FA824509-5285-4BC8-AABB-3531EBBACE84}.Release|x86.Build.0 = Release|x86
	EndGlobalSection
	GlobalSection(SolutionProperties) = preSolution
		HideSolutionNode = FALSE
	EndGlobalSection
	GlobalSection(ExtensibilityGlobals) = postSolution
		SolutionGuid = {4E92DAAC-4F48-492A-A902-168252AEA386}
	EndGlobalSection
EndGlobal
